
Microsoft Visual Studio Solution File, Format Version 12.00
# Visual Studio Version 17
VisualStudioVersion = 17.12.35527.113
MinimumVisualStudioVersion = 10.0.40219.1
Project("{FAE04EC0-301F-11D3-BF4B-00C04F79EFBC}") = "CompanyEmployee", "CompanyEmployee\CompanyEmployee.csproj", "{5B56F817-BED5-4393-B906-C27B019F36D4}"
EndProject
Project("{FAE04EC0-301F-11D3-BF4B-00C04F79EFBC}") = "Contracts", "Contracts\Contracts.csproj", "{F7C32E8A-B0F7-4EDF-BDA7-58A6976D6DEF}"
EndProject
Project("{FAE04EC0-301F-11D3-BF4B-00C04F79EFBC}") = "LoggerService", "LoggerService\LoggerService.csproj", "{729E6611-18AF-4829-BDC6-2AC1A598C1F2}"
EndProject
Project("{FAE04EC0-301F-11D3-BF4B-00C04F79EFBC}") = "Entities", "Entities\Entities.csproj", "{034F1878-2120-4AFB-8039-4135CA9FA080}"
EndProject
Project("{FAE04EC0-301F-11D3-BF4B-00C04F79EFBC}") = "Repository", "Repository\Repository.csproj", "{0ACB7E68-BDE3-45A6-AD88-807F9F4387B7}"
EndProject
Project("{FAE04EC0-301F-11D3-BF4B-00C04F79EFBC}") = "Service.Contracts", "Service.Contracts\Service.Contracts.csproj", "{CD4D03AF-124E-4262-BCF4-3E715CCD4B0D}"
EndProject
Project("{FAE04EC0-301F-11D3-BF4B-00C04F79EFBC}") = "Service", "Service\Service.csproj", "{329413B4-99B8-4A4A-AAD9-7E18B7AA8A34}"
EndProject
Project("{FAE04EC0-301F-11D3-BF4B-00C04F79EFBC}") = "CompanyEmployee.Presentation", "CompanyEmployee.Presentation\CompanyEmployee.Presentation.csproj", "{33027D59-C0EF-4AF5-80E7-0C9EA227D286}"
EndProject
Global
	GlobalSection(SolutionConfigurationPlatforms) = preSolution
		Debug|Any CPU = Debug|Any CPU
		Release|Any CPU = Release|Any CPU
	EndGlobalSection
	GlobalSection(ProjectConfigurationPlatforms) = postSolution
		{5B56F817-BED5-4393-B906-C27B019F36D4}.Debug|Any CPU.ActiveCfg = Debug|Any CPU
		{5B56F817-BED5-4393-B906-C27B019F36D4}.Debug|Any CPU.Build.0 = Debug|Any CPU
		{5B56F817-BED5-4393-B906-C27B019F36D4}.Release|Any CPU.ActiveCfg = Release|Any CPU
		{5B56F817-BED5-4393-B906-C27B019F36D4}.Release|Any CPU.Build.0 = Release|Any CPU
		{F7C32E8A-B0F7-4EDF-BDA7-58A6976D6DEF}.Debug|Any CPU.ActiveCfg = Debug|Any CPU
		{F7C32E8A-B0F7-4EDF-BDA7-58A6976D6DEF}.Debug|Any CPU.Build.0 = Debug|Any CPU
		{F7C32E8A-B0F7-4EDF-BDA7-58A6976D6DEF}.Release|Any CPU.ActiveCfg = Release|Any CPU
		{F7C32E8A-B0F7-4EDF-BDA7-58A6976D6DEF}.Release|Any CPU.Build.0 = Release|Any CPU
		{729E6611-18AF-4829-BDC6-2AC1A598C1F2}.Debug|Any CPU.ActiveCfg = Debug|Any CPU
		{729E6611-18AF-4829-BDC6-2AC1A598C1F2}.Debug|Any CPU.Build.0 = Debug|Any CPU
		{729E6611-18AF-4829-BDC6-2AC1A598C1F2}.Release|Any CPU.ActiveCfg = Release|Any CPU
		{729E6611-18AF-4829-BDC6-2AC1A598C1F2}.Release|Any CPU.Build.0 = Release|Any CPU
		{034F1878-2120-4AFB-8039-4135CA9FA080}.Debug|Any CPU.ActiveCfg = Debug|Any CPU
		{034F1878-2120-4AFB-8039-4135CA9FA080}.Debug|Any CPU.Build.0 = Debug|Any CPU
		{034F1878-2120-4AFB-8039-4135CA9FA080}.Release|Any CPU.ActiveCfg = Release|Any CPU
		{034F1878-2120-4AFB-8039-4135CA9FA080}.Release|Any CPU.Build.0 = Release|Any CPU
		{0ACB7E68-BDE3-45A6-AD88-807F9F4387B7}.Debug|Any CPU.ActiveCfg = Debug|Any CPU
		{0ACB7E68-BDE3-45A6-AD88-807F9F4387B7}.Debug|Any CPU.Build.0 = Debug|Any CPU
		{0ACB7E68-BDE3-45A6-AD88-807F9F4387B7}.Release|Any CPU.ActiveCfg = Release|Any CPU
		{0ACB7E68-BDE3-45A6-AD88-807F9F4387B7}.Release|Any CPU.Build.0 = Release|Any CPU
		{CD4D03AF-124E-4262-BCF4-3E715CCD4B0D}.Debug|Any CPU.ActiveCfg = Debug|Any CPU
		{CD4D03AF-124E-4262-BCF4-3E715CCD4B0D}.Debug|Any CPU.Build.0 = Debug|Any CPU
		{CD4D03AF-124E-4262-BCF4-3E715CCD4B0D}.Release|Any CPU.ActiveCfg = Release|Any CPU
		{CD4D03AF-124E-4262-BCF4-3E715CCD4B0D}.Release|Any CPU.Build.0 = Release|Any CPU
		{329413B4-99B8-4A4A-AAD9-7E18B7AA8A34}.Debug|Any CPU.ActiveCfg = Debug|Any CPU
		{329413B4-99B8-4A4A-AAD9-7E18B7AA8A34}.Debug|Any CPU.Build.0 = Debug|Any CPU
		{329413B4-99B8-4A4A-AAD9-7E18B7AA8A34}.Release|Any CPU.ActiveCfg = Release|Any CPU
		{329413B4-99B8-4A4A-AAD9-7E18B7AA8A34}.Release|Any CPU.Build.0 = Release|Any CPU
		{33027D59-C0EF-4AF5-80E7-0C9EA227D286}.Debug|Any CPU.ActiveCfg = Debug|Any CPU
		{33027D59-C0EF-4AF5-80E7-0C9EA227D286}.Debug|Any CPU.Build.0 = Debug|Any CPU
		{33027D59-C0EF-4AF5-80E7-0C9EA227D286}.Release|Any CPU.ActiveCfg = Release|Any CPU
		{33027D59-C0EF-4AF5-80E7-0C9EA227D286}.Release|Any CPU.Build.0 = Release|Any CPU
	EndGlobalSection
	GlobalSection(SolutionProperties) = preSolution
		HideSolutionNode = FALSE
	EndGlobalSection
EndGlobal
